
Microsoft Visual Studio Solution File, Format Version 12.00
# Visual Studio 15
VisualStudioVersion = 15.0.28307.329
MinimumVisualStudioVersion = 10.0.40219.1
Project("{FAE04EC0-301F-11D3-BF4B-00C04F79EFBC}") = "NewWebPortal.Specs", "NewWebPortal.Specs\NewWebPortal.Specs.csproj", "{D74D1D52-65F1-45A8-A062-9878BDD34CCD}"
EndProject
Global
	GlobalSection(SolutionConfigurationPlatforms) = preSolution
		Debug|Any CPU = Debug|Any CPU
		Release|Any CPU = Release|Any CPU
	EndGlobalSection
	GlobalSection(ProjectConfigurationPlatforms) = postSolution
		{D74D1D52-65F1-45A8-A062-9878BDD34CCD}.Debug|Any CPU.ActiveCfg = Debug|Any CPU
		{D74D1D52-65F1-45A8-A062-9878BDD34CCD}.Debug|Any CPU.Build.0 = Debug|Any CPU
		{D74D1D52-65F1-45A8-A062-9878BDD34CCD}.Release|Any CPU.ActiveCfg = Release|Any CPU
		{D74D1D52-65F1-45A8-A062-9878BDD34CCD}.Release|Any CPU.Build.0 = Release|Any CPU
	EndGlobalSection
	GlobalSection(SolutionProperties) = preSolution
		HideSolutionNode = FALSE
	EndGlobalSection
	GlobalSection(ExtensibilityGlobals) = postSolution
		SolutionGuid = {80F96CAE-84E8-4A9E-8419-FEF397A285AF}
	EndGlobalSection
EndGlobal
